
Microsoft Visual Studio Solution File, Format Version 12.00
Project("{FAE04EC0-301F-11D3-BF4B-00C04F79EFBC}") = "UniDocuments.App.Shared", "UniDocuments.App.Shared\UniDocuments.App.Shared.csproj", "{619CE80F-1C79-4B48-AB7E-55747818553D}"
EndProject
Project("{FAE04EC0-301F-11D3-BF4B-00C04F79EFBC}") = "UniDocuments.App.Client.Web", "UniDocuments.App.Client.Web\UniDocuments.App.Client.Web.csproj", "{9AB7A323-425E-4D3D-A99F-A2F54232A73D}"
EndProject
Project("{2150E333-8FDC-42A3-9474-1A3956D46DE8}") = "Nuget", "Nuget", "{805DFBED-677E-411A-A3D2-38BA11241CE1}"
EndProject
Project("{FAE04EC0-301F-11D3-BF4B-00C04F79EFBC}") = "UniDocuments.ApiRequesting", "Nuget\UniDocuments.ApiRequesting\UniDocuments.ApiRequesting.csproj", "{2E489469-28B5-4FBC-BF99-5EFAB351758F}"
EndProject
Project("{FAE04EC0-301F-11D3-BF4B-00C04F79EFBC}") = "UniDocuments.Results", "Nuget\UniDocuments.Results\UniDocuments.Results.csproj", "{B16EACEE-796F-48CE-A1C6-412B0E5B13F1}"
EndProject
Global
	GlobalSection(SolutionConfigurationPlatforms) = preSolution
		Debug|Any CPU = Debug|Any CPU
		Release|Any CPU = Release|Any CPU
	EndGlobalSection
	GlobalSection(ProjectConfigurationPlatforms) = postSolution
		{619CE80F-1C79-4B48-AB7E-55747818553D}.Debug|Any CPU.ActiveCfg = Debug|Any CPU
		{619CE80F-1C79-4B48-AB7E-55747818553D}.Debug|Any CPU.Build.0 = Debug|Any CPU
		{619CE80F-1C79-4B48-AB7E-55747818553D}.Release|Any CPU.ActiveCfg = Release|Any CPU
		{619CE80F-1C79-4B48-AB7E-55747818553D}.Release|Any CPU.Build.0 = Release|Any CPU
		{9AB7A323-425E-4D3D-A99F-A2F54232A73D}.Debug|Any CPU.ActiveCfg = Debug|Any CPU
		{9AB7A323-425E-4D3D-A99F-A2F54232A73D}.Debug|Any CPU.Build.0 = Debug|Any CPU
		{9AB7A323-425E-4D3D-A99F-A2F54232A73D}.Release|Any CPU.ActiveCfg = Release|Any CPU
		{9AB7A323-425E-4D3D-A99F-A2F54232A73D}.Release|Any CPU.Build.0 = Release|Any CPU
		{2E489469-28B5-4FBC-BF99-5EFAB351758F}.Debug|Any CPU.ActiveCfg = Debug|Any CPU
		{2E489469-28B5-4FBC-BF99-5EFAB351758F}.Debug|Any CPU.Build.0 = Debug|Any CPU
		{2E489469-28B5-4FBC-BF99-5EFAB351758F}.Release|Any CPU.ActiveCfg = Release|Any CPU
		{2E489469-28B5-4FBC-BF99-5EFAB351758F}.Release|Any CPU.Build.0 = Release|Any CPU
		{B16EACEE-796F-48CE-A1C6-412B0E5B13F1}.Debug|Any CPU.ActiveCfg = Debug|Any CPU
		{B16EACEE-796F-48CE-A1C6-412B0E5B13F1}.Debug|Any CPU.Build.0 = Debug|Any CPU
		{B16EACEE-796F-48CE-A1C6-412B0E5B13F1}.Release|Any CPU.ActiveCfg = Release|Any CPU
		{B16EACEE-796F-48CE-A1C6-412B0E5B13F1}.Release|Any CPU.Build.0 = Release|Any CPU
	EndGlobalSection
	GlobalSection(NestedProjects) = preSolution
		{2E489469-28B5-4FBC-BF99-5EFAB351758F} = {805DFBED-677E-411A-A3D2-38BA11241CE1}
		{B16EACEE-796F-48CE-A1C6-412B0E5B13F1} = {805DFBED-677E-411A-A3D2-38BA11241CE1}
	EndGlobalSection
EndGlobal
